
Microsoft Visual Studio Solution File, Format Version 12.00
# Visual Studio Version 17
VisualStudioVersion = 17.2.32526.322
MinimumVisualStudioVersion = 10.0.40219.1
Project("{FAE04EC0-301F-11D3-BF4B-00C04F79EFBC}") = "RazerPagesMovie", "RazerPagesMovie\RazerPagesMovie.csproj", "{AD32C6E6-2FE8-4041-A6B8-C2FA92BC8EB3}"
EndProject
Global
	GlobalSection(SolutionConfigurationPlatforms) = preSolution
		Debug|Any CPU = Debug|Any CPU
		Release|Any CPU = Release|Any CPU
	EndGlobalSection
	GlobalSection(ProjectConfigurationPlatforms) = postSolution
		{AD32C6E6-2FE8-4041-A6B8-C2FA92BC8EB3}.Debug|Any CPU.ActiveCfg = Debug|Any CPU
		{AD32C6E6-2FE8-4041-A6B8-C2FA92BC8EB3}.Debug|Any CPU.Build.0 = Debug|Any CPU
		{AD32C6E6-2FE8-4041-A6B8-C2FA92BC8EB3}.Release|Any CPU.ActiveCfg = Release|Any CPU
		{AD32C6E6-2FE8-4041-A6B8-C2FA92BC8EB3}.Release|Any CPU.Build.0 = Release|Any CPU
	EndGlobalSection
	GlobalSection(SolutionProperties) = preSolution
		HideSolutionNode = FALSE
	EndGlobalSection
	GlobalSection(ExtensibilityGlobals) = postSolution
		SolutionGuid = {A71E6647-56D6-4868-B241-4BE312005C1A}
	EndGlobalSection
EndGlobal
